
Microsoft Visual Studio Solution File, Format Version 12.00
# Visual Studio Version 16
VisualStudioVersion = 16.0.29519.181
MinimumVisualStudioVersion = 10.0.40219.1
Project("{FAE04EC0-301F-11D3-BF4B-00C04F79EFBC}") = "ShiaCursProject", "WpfApp3\ShiaCursProject.csproj", "{AF16359D-A38C-438E-82ED-0A0F490C7A01}"
EndProject
Global
	GlobalSection(SolutionConfigurationPlatforms) = preSolution
		Debug|Any CPU = Debug|Any CPU
		Release|Any CPU = Release|Any CPU
	EndGlobalSection
	GlobalSection(ProjectConfigurationPlatforms) = postSolution
		{AF16359D-A38C-438E-82ED-0A0F490C7A01}.Debug|Any CPU.ActiveCfg = Debug|Any CPU
		{AF16359D-A38C-438E-82ED-0A0F490C7A01}.Debug|Any CPU.Build.0 = Debug|Any CPU
		{AF16359D-A38C-438E-82ED-0A0F490C7A01}.Release|Any CPU.ActiveCfg = Release|Any CPU
		{AF16359D-A38C-438E-82ED-0A0F490C7A01}.Release|Any CPU.Build.0 = Release|Any CPU
	EndGlobalSection
	GlobalSection(SolutionProperties) = preSolution
		HideSolutionNode = FALSE
	EndGlobalSection
	GlobalSection(ExtensibilityGlobals) = postSolution
		SolutionGuid = {39D507DB-3BF7-4C16-81DC-1DEA37B981B2}
	EndGlobalSection
EndGlobal
